// !$*UTF8*$!
{
	archiveVersion = 1;
	classes = {
	};
	objectVersion = 46;
	objects = {

/* Begin PBXBuildFile section */
		EC09399E19115001006CC7B8 /* FlickrPicture.m in Sources */ = {isa = PBXBuildFile; fileRef = EC09399D19115001006CC7B8 /* FlickrPicture.m */; };
		EC5B132418F6861500C300C4 /* Foundation.framework in Frameworks */ = {isa = PBXBuildFile; fileRef = EC5B132318F6861500C300C4 /* Foundation.framework */; };
		EC5B132618F6861500C300C4 /* CoreGraphics.framework in Frameworks */ = {isa = PBXBuildFile; fileRef = EC5B132518F6861500C300C4 /* CoreGraphics.framework */; };
		EC5B132818F6861500C300C4 /* UIKit.framework in Frameworks */ = {isa = PBXBuildFile; fileRef = EC5B132718F6861500C300C4 /* UIKit.framework */; };
		EC5B132A18F6861500C300C4 /* CoreData.framework in Frameworks */ = {isa = PBXBuildFile; fileRef = EC5B132918F6861500C300C4 /* CoreData.framework */; };
		EC5B133018F6861500C300C4 /* InfoPlist.strings in Resources */ = {isa = PBXBuildFile; fileRef = EC5B132E18F6861500C300C4 /* InfoPlist.strings */; };
		EC5B133218F6861500C300C4 /* main.m in Sources */ = {isa = PBXBuildFile; fileRef = EC5B133118F6861500C300C4 /* main.m */; };
		EC5B133618F6861500C300C4 /* AppDelegate.m in Sources */ = {isa = PBXBuildFile; fileRef = EC5B133518F6861500C300C4 /* AppDelegate.m */; };
		EC5B133918F6861500C300C4 /* Xproj.xcdatamodeld in Sources */ = {isa = PBXBuildFile; fileRef = EC5B133718F6861500C300C4 /* Xproj.xcdatamodeld */; };
		EC5B133B18F6861500C300C4 /* Images.xcassets in Resources */ = {isa = PBXBuildFile; fileRef = EC5B133A18F6861500C300C4 /* Images.xcassets */; };
		EC5B134218F6861500C300C4 /* XCTest.framework in Frameworks */ = {isa = PBXBuildFile; fileRef = EC5B134118F6861500C300C4 /* XCTest.framework */; };
		EC5B134318F6861500C300C4 /* Foundation.framework in Frameworks */ = {isa = PBXBuildFile; fileRef = EC5B132318F6861500C300C4 /* Foundation.framework */; };
		EC5B134418F6861500C300C4 /* UIKit.framework in Frameworks */ = {isa = PBXBuildFile; fileRef = EC5B132718F6861500C300C4 /* UIKit.framework */; };
		EC5B134518F6861500C300C4 /* CoreData.framework in Frameworks */ = {isa = PBXBuildFile; fileRef = EC5B132918F6861500C300C4 /* CoreData.framework */; };
		EC5B134D18F6861500C300C4 /* InfoPlist.strings in Resources */ = {isa = PBXBuildFile; fileRef = EC5B134B18F6861500C300C4 /* InfoPlist.strings */; };
		EC5B134F18F6861500C300C4 /* XprojTests.m in Sources */ = {isa = PBXBuildFile; fileRef = EC5B134E18F6861500C300C4 /* XprojTests.m */; };
		EC5B135918F6876C00C300C4 /* Storyboard.storyboard in Resources */ = {isa = PBXBuildFile; fileRef = EC5B135818F6876C00C300C4 /* Storyboard.storyboard */; };
		EC5B135C18F68EA800C300C4 /* PictureViewController.m in Sources */ = {isa = PBXBuildFile; fileRef = EC5B135B18F68EA800C300C4 /* PictureViewController.m */; };
		EC5B135F18F68EDE00C300C4 /* ReaderView.m in Sources */ = {isa = PBXBuildFile; fileRef = EC5B135E18F68EDE00C300C4 /* ReaderView.m */; };
		EC5B136518F696DE00C300C4 /* 004.jpeg in Resources */ = {isa = PBXBuildFile; fileRef = EC5B136018F696DE00C300C4 /* 004.jpeg */; };
		EC5B136618F696DE00C300C4 /* 003.jpeg in Resources */ = {isa = PBXBuildFile; fileRef = EC5B136118F696DE00C300C4 /* 003.jpeg */; };
		EC5B136718F696DE00C300C4 /* 002.jpeg in Resources */ = {isa = PBXBuildFile; fileRef = EC5B136218F696DE00C300C4 /* 002.jpeg */; };
		EC5B136818F696DE00C300C4 /* 001.jpeg in Resources */ = {isa = PBXBuildFile; fileRef = EC5B136318F696DE00C300C4 /* 001.jpeg */; };
		EC5B136918F696DE00C300C4 /* 000.jpeg in Resources */ = {isa = PBXBuildFile; fileRef = EC5B136418F696DE00C300C4 /* 000.jpeg */; };
		EC9E28B519260891006E3DB7 /* City.m in Sources */ = {isa = PBXBuildFile; fileRef = EC9E28B419260891006E3DB7 /* City.m */; };
		EC9E28B819260990006E3DB7 /* City+CRUD.m in Sources */ = {isa = PBXBuildFile; fileRef = EC9E28B719260990006E3DB7 /* City+CRUD.m */; };
/* End PBXBuildFile section */

/* Begin PBXContainerItemProxy section */
		EC5B134618F6861500C300C4 /* PBXContainerItemProxy */ = {
			isa = PBXContainerItemProxy;
			containerPortal = EC5B131818F6861500C300C4 /* Project object */;
			proxyType = 1;
			remoteGlobalIDString = EC5B131F18F6861500C300C4;
			remoteInfo = Xproj;
		};
/* End PBXContainerItemProxy section */

/* Begin PBXFileReference section */
		EC09399C19115001006CC7B8 /* FlickrPicture.h */ = {isa = PBXFileReference; fileEncoding = 4; lastKnownFileType = sourcecode.c.h; path = FlickrPicture.h; sourceTree = "<group>"; };
		EC09399D19115001006CC7B8 /* FlickrPicture.m */ = {isa = PBXFileReference; fileEncoding = 4; lastKnownFileType = sourcecode.c.objc; path = FlickrPicture.m; sourceTree = "<group>"; };
		EC5B132018F6861500C300C4 /* Xproj.app */ = {isa = PBXFileReference; explicitFileType = wrapper.application; includeInIndex = 0; path = Xproj.app; sourceTree = BUILT_PRODUCTS_DIR; };
		EC5B132318F6861500C300C4 /* Foundation.framework */ = {isa = PBXFileReference; lastKnownFileType = wrapper.framework; name = Foundation.framework; path = System/Library/Frameworks/Foundation.framework; sourceTree = SDKROOT; };
		EC5B132518F6861500C300C4 /* CoreGraphics.framework */ = {isa = PBXFileReference; lastKnownFileType = wrapper.framework; name = CoreGraphics.framework; path = System/Library/Frameworks/CoreGraphics.framework; sourceTree = SDKROOT; };
		EC5B132718F6861500C300C4 /* UIKit.framework */ = {isa = PBXFileReference; lastKnownFileType = wrapper.framework; name = UIKit.framework; path = System/Library/Frameworks/UIKit.framework; sourceTree = SDKROOT; };
		EC5B132918F6861500C300C4 /* CoreData.framework */ = {isa = PBXFileReference; lastKnownFileType = wrapper.framework; name = CoreData.framework; path = System/Library/Frameworks/CoreData.framework; sourceTree = SDKROOT; };
		EC5B132D18F6861500C300C4 /* Xproj-Info.plist */ = {isa = PBXFileReference; lastKnownFileType = text.plist.xml; path = "Xproj-Info.plist"; sourceTree = "<group>"; };
		EC5B132F18F6861500C300C4 /* en */ = {isa = PBXFileReference; lastKnownFileType = text.plist.strings; name = en; path = en.lproj/InfoPlist.strings; sourceTree = "<group>"; };
		EC5B133118F6861500C300C4 /* main.m */ = {isa = PBXFileReference; lastKnownFileType = sourcecode.c.objc; path = main.m; sourceTree = "<group>"; };
		EC5B133318F6861500C300C4 /* Xproj-Prefix.pch */ = {isa = PBXFileReference; lastKnownFileType = sourcecode.c.h; path = "Xproj-Prefix.pch"; sourceTree = "<group>"; };
		EC5B133418F6861500C300C4 /* AppDelegate.h */ = {isa = PBXFileReference; lastKnownFileType = sourcecode.c.h; path = AppDelegate.h; sourceTree = "<group>"; };
		EC5B133518F6861500C300C4 /* AppDelegate.m */ = {isa = PBXFileReference; lastKnownFileType = sourcecode.c.objc; path = AppDelegate.m; sourceTree = "<group>"; };
		EC5B133818F6861500C300C4 /* Xproj.xcdatamodel */ = {isa = PBXFileReference; lastKnownFileType = wrapper.xcdatamodel; path = Xproj.xcdatamodel; sourceTree = "<group>"; };
		EC5B133A18F6861500C300C4 /* Images.xcassets */ = {isa = PBXFileReference; lastKnownFileType = folder.assetcatalog; path = Images.xcassets; sourceTree = "<group>"; };
		EC5B134018F6861500C300C4 /* XprojTests.xctest */ = {isa = PBXFileReference; explicitFileType = wrapper.cfbundle; includeInIndex = 0; path = XprojTests.xctest; sourceTree = BUILT_PRODUCTS_DIR; };
		EC5B134118F6861500C300C4 /* XCTest.framework */ = {isa = PBXFileReference; lastKnownFileType = wrapper.framework; name = XCTest.framework; path = Library/Frameworks/XCTest.framework; sourceTree = DEVELOPER_DIR; };
		EC5B134A18F6861500C300C4 /* XprojTests-Info.plist */ = {isa = PBXFileReference; lastKnownFileType = text.plist.xml; path = "XprojTests-Info.plist"; sourceTree = "<group>"; };
		EC5B134C18F6861500C300C4 /* en */ = {isa = PBXFileReference; lastKnownFileType = text.plist.strings; name = en; path = en.lproj/InfoPlist.strings; sourceTree = "<group>"; };
		EC5B134E18F6861500C300C4 /* XprojTests.m */ = {isa = PBXFileReference; lastKnownFileType = sourcecode.c.objc; path = XprojTests.m; sourceTree = "<group>"; };
		EC5B135818F6876C00C300C4 /* Storyboard.storyboard */ = {isa = PBXFileReference; fileEncoding = 4; lastKnownFileType = file.storyboard; path = Storyboard.storyboard; sourceTree = "<group>"; };
		EC5B135A18F68EA800C300C4 /* PictureViewController.h */ = {isa = PBXFileReference; fileEncoding = 4; lastKnownFileType = sourcecode.c.h; path = PictureViewController.h; sourceTree = "<group>"; };
		EC5B135B18F68EA800C300C4 /* PictureViewController.m */ = {isa = PBXFileReference; fileEncoding = 4; lastKnownFileType = sourcecode.c.objc; path = PictureViewController.m; sourceTree = "<group>"; };
		EC5B135D18F68EDE00C300C4 /* ReaderView.h */ = {isa = PBXFileReference; fileEncoding = 4; lastKnownFileType = sourcecode.c.h; path = ReaderView.h; sourceTree = "<group>"; };
		EC5B135E18F68EDE00C300C4 /* ReaderView.m */ = {isa = PBXFileReference; fileEncoding = 4; lastKnownFileType = sourcecode.c.objc; path = ReaderView.m; sourceTree = "<group>"; };
		EC5B136018F696DE00C300C4 /* 004.jpeg */ = {isa = PBXFileReference; lastKnownFileType = image.jpeg; path = 004.jpeg; sourceTree = "<group>"; };
		EC5B136118F696DE00C300C4 /* 003.jpeg */ = {isa = PBXFileReference; lastKnownFileType = image.jpeg; path = 003.jpeg; sourceTree = "<group>"; };
		EC5B136218F696DE00C300C4 /* 002.jpeg */ = {isa = PBXFileReference; lastKnownFileType = image.jpeg; path = 002.jpeg; sourceTree = "<group>"; };
		EC5B136318F696DE00C300C4 /* 001.jpeg */ = {isa = PBXFileReference; lastKnownFileType = image.jpeg; path = 001.jpeg; sourceTree = "<group>"; };
		EC5B136418F696DE00C300C4 /* 000.jpeg */ = {isa = PBXFileReference; lastKnownFileType = image.jpeg; path = 000.jpeg; sourceTree = "<group>"; };
		EC9E28B319260891006E3DB7 /* City.h */ = {isa = PBXFileReference; fileEncoding = 4; lastKnownFileType = sourcecode.c.h; path = City.h; sourceTree = "<group>"; };
		EC9E28B419260891006E3DB7 /* City.m */ = {isa = PBXFileReference; fileEncoding = 4; lastKnownFileType = sourcecode.c.objc; path = City.m; sourceTree = "<group>"; };
		EC9E28B619260990006E3DB7 /* City+CRUD.h */ = {isa = PBXFileReference; fileEncoding = 4; lastKnownFileType = sourcecode.c.h; path = "City+CRUD.h"; sourceTree = "<group>"; };
		EC9E28B719260990006E3DB7 /* City+CRUD.m */ = {isa = PBXFileReference; fileEncoding = 4; lastKnownFileType = sourcecode.c.objc; path = "City+CRUD.m"; sourceTree = "<group>"; };
/* End PBXFileReference section */

/* Begin PBXFrameworksBuildPhase section */
		EC5B131D18F6861500C300C4 /* Frameworks */ = {
			isa = PBXFrameworksBuildPhase;
			buildActionMask = 2147483647;
			files = (
				EC5B132618F6861500C300C4 /* CoreGraphics.framework in Frameworks */,
				EC5B132A18F6861500C300C4 /* CoreData.framework in Frameworks */,
				EC5B132818F6861500C300C4 /* UIKit.framework in Frameworks */,
				EC5B132418F6861500C300C4 /* Foundation.framework in Frameworks */,
			);
			runOnlyForDeploymentPostprocessing = 0;
		};
		EC5B133D18F6861500C300C4 /* Frameworks */ = {
			isa = PBXFrameworksBuildPhase;
			buildActionMask = 2147483647;
			files = (
				EC5B134218F6861500C300C4 /* XCTest.framework in Frameworks */,
				EC5B134518F6861500C300C4 /* CoreData.framework in Frameworks */,
				EC5B134418F6861500C300C4 /* UIKit.framework in Frameworks */,
				EC5B134318F6861500C300C4 /* Foundation.framework in Frameworks */,
			);
			runOnlyForDeploymentPostprocessing = 0;
		};
/* End PBXFrameworksBuildPhase section */

/* Begin PBXGroup section */
		EC5B131718F6861500C300C4 = {
			isa = PBXGroup;
			children = (
				EC5B135818F6876C00C300C4 /* Storyboard.storyboard */,
				EC5B135A18F68EA800C300C4 /* PictureViewController.h */,
				EC5B135B18F68EA800C300C4 /* PictureViewController.m */,
				EC5B135D18F68EDE00C300C4 /* ReaderView.h */,
				EC09399C19115001006CC7B8 /* FlickrPicture.h */,
				EC09399D19115001006CC7B8 /* FlickrPicture.m */,
				EC5B135E18F68EDE00C300C4 /* ReaderView.m */,
				EC5B132B18F6861500C300C4 /* Xproj */,
				EC5B134818F6861500C300C4 /* XprojTests */,
				EC5B132218F6861500C300C4 /* Frameworks */,
				EC5B132118F6861500C300C4 /* Products */,
			);
			sourceTree = "<group>";
		};
		EC5B132118F6861500C300C4 /* Products */ = {
			isa = PBXGroup;
			children = (
				EC5B132018F6861500C300C4 /* Xproj.app */,
				EC5B134018F6861500C300C4 /* XprojTests.xctest */,
			);
			name = Products;
			sourceTree = "<group>";
		};
		EC5B132218F6861500C300C4 /* Frameworks */ = {
			isa = PBXGroup;
			children = (
				EC5B132318F6861500C300C4 /* Foundation.framework */,
				EC5B132518F6861500C300C4 /* CoreGraphics.framework */,
				EC5B132718F6861500C300C4 /* UIKit.framework */,
				EC5B132918F6861500C300C4 /* CoreData.framework */,
				EC5B134118F6861500C300C4 /* XCTest.framework */,
			);
			name = Frameworks;
			sourceTree = "<group>";
		};
		EC5B132B18F6861500C300C4 /* Xproj */ = {
			isa = PBXGroup;
			children = (
				EC5B133418F6861500C300C4 /* AppDelegate.h */,
				EC5B133518F6861500C300C4 /* AppDelegate.m */,
				EC5B133A18F6861500C300C4 /* Images.xcassets */,
				EC5B136018F696DE00C300C4 /* 004.jpeg */,
				EC5B136118F696DE00C300C4 /* 003.jpeg */,
				EC5B136218F696DE00C300C4 /* 002.jpeg */,
				EC5B136318F696DE00C300C4 /* 001.jpeg */,
				EC5B136418F696DE00C300C4 /* 000.jpeg */,
				EC5B133718F6861500C300C4 /* Xproj.xcdatamodeld */,
				EC9E28B319260891006E3DB7 /* City.h */,
				EC9E28B419260891006E3DB7 /* City.m */,
				EC9E28B619260990006E3DB7 /* City+CRUD.h */,
				EC9E28B719260990006E3DB7 /* City+CRUD.m */,
				EC5B132C18F6861500C300C4 /* Supporting Files */,
			);
			path = Xproj;
			sourceTree = "<group>";
		};
		EC5B132C18F6861500C300C4 /* Supporting Files */ = {
			isa = PBXGroup;
			children = (
				EC5B132D18F6861500C300C4 /* Xproj-Info.plist */,
				EC5B132E18F6861500C300C4 /* InfoPlist.strings */,
				EC5B133118F6861500C300C4 /* main.m */,
				EC5B133318F6861500C300C4 /* Xproj-Prefix.pch */,
			);
			name = "Supporting Files";
			sourceTree = "<group>";
		};
		EC5B134818F6861500C300C4 /* XprojTests */ = {
			isa = PBXGroup;
			children = (
				EC5B134E18F6861500C300C4 /* XprojTests.m */,
				EC5B134918F6861500C300C4 /* Supporting Files */,
			);
			path = XprojTests;
			sourceTree = "<group>";
		};
		EC5B134918F6861500C300C4 /* Supporting Files */ = {
			isa = PBXGroup;
			children = (
				EC5B134A18F6861500C300C4 /* XprojTests-Info.plist */,
				EC5B134B18F6861500C300C4 /* InfoPlist.strings */,
			);
			name = "Supporting Files";
			sourceTree = "<group>";
		};
/* End PBXGroup section */

/* Begin PBXNativeTarget section */
		EC5B131F18F6861500C300C4 /* Xproj */ = {
			isa = PBXNativeTarget;
			buildConfigurationList = EC5B135218F6861500C300C4 /* Build configuration list for PBXNativeTarget "Xproj" */;
			buildPhases = (
				EC5B131C18F6861500C300C4 /* Sources */,
				EC5B131D18F6861500C300C4 /* Frameworks */,
				EC5B131E18F6861500C300C4 /* Resources */,
			);
			buildRules = (
			);
			dependencies = (
			);
			name = Xproj;
			productName = Xproj;
			productReference = EC5B132018F6861500C300C4 /* Xproj.app */;
			productType = "com.apple.product-type.application";
		};
		EC5B133F18F6861500C300C4 /* XprojTests */ = {
			isa = PBXNativeTarget;
			buildConfigurationList = EC5B135518F6861500C300C4 /* Build configuration list for PBXNativeTarget "XprojTests" */;
			buildPhases = (
				EC5B133C18F6861500C300C4 /* Sources */,
				EC5B133D18F6861500C300C4 /* Frameworks */,
				EC5B133E18F6861500C300C4 /* Resources */,
			);
			buildRules = (
			);
			dependencies = (
				EC5B134718F6861500C300C4 /* PBXTargetDependency */,
			);
			name = XprojTests;
			productName = XprojTests;
			productReference = EC5B134018F6861500C300C4 /* XprojTests.xctest */;
			productType = "com.apple.product-type.bundle.unit-test";
		};
/* End PBXNativeTarget section */

/* Begin PBXProject section */
		EC5B131818F6861500C300C4 /* Project object */ = {
			isa = PBXProject;
			attributes = {
				LastUpgradeCheck = 0500;
				ORGANIZATIONNAME = Etudiant;
				TargetAttributes = {
					EC5B133F18F6861500C300C4 = {
						TestTargetID = EC5B131F18F6861500C300C4;
					};
				};
			};
			buildConfigurationList = EC5B131B18F6861500C300C4 /* Build configuration list for PBXProject "Xproj" */;
			compatibilityVersion = "Xcode 3.2";
			developmentRegion = English;
			hasScannedForEncodings = 0;
			knownRegions = (
				en,
			);
			mainGroup = EC5B131718F6861500C300C4;
			productRefGroup = EC5B132118F6861500C300C4 /* Products */;
			projectDirPath = "";
			projectRoot = "";
			targets = (
				EC5B131F18F6861500C300C4 /* Xproj */,
				EC5B133F18F6861500C300C4 /* XprojTests */,
			);
		};
/* End PBXProject section */

/* Begin PBXResourcesBuildPhase section */
		EC5B131E18F6861500C300C4 /* Resources */ = {
			isa = PBXResourcesBuildPhase;
			buildActionMask = 2147483647;
			files = (
				EC5B133018F6861500C300C4 /* InfoPlist.strings in Resources */,
				EC5B133B18F6861500C300C4 /* Images.xcassets in Resources */,
				EC5B136518F696DE00C300C4 /* 004.jpeg in Resources */,
				EC5B136918F696DE00C300C4 /* 000.jpeg in Resources */,
				EC5B136618F696DE00C300C4 /* 003.jpeg in Resources */,
				EC5B136818F696DE00C300C4 /* 001.jpeg in Resources */,
				EC5B136718F696DE00C300C4 /* 002.jpeg in Resources */,
				EC5B135918F6876C00C300C4 /* Storyboard.storyboard in Resources */,
			);
			runOnlyForDeploymentPostprocessing = 0;
		};
		EC5B133E18F6861500C300C4 /* Resources */ = {
			isa = PBXResourcesBuildPhase;
			buildActionMask = 2147483647;
			files = (
				EC5B134D18F6861500C300C4 /* InfoPlist.strings in Resources */,
			);
			runOnlyForDeploymentPostprocessing = 0;
		};
/* End PBXResourcesBuildPhase section */

/* Begin PBXSourcesBuildPhase section */
		EC5B131C18F6861500C300C4 /* Sources */ = {
			isa = PBXSourcesBuildPhase;
			buildActionMask = 2147483647;
			files = (
				EC9E28B819260990006E3DB7 /* City+CRUD.m in Sources */,
				EC5B133918F6861500C300C4 /* Xproj.xcdatamodeld in Sources */,
				EC5B135C18F68EA800C300C4 /* PictureViewController.m in Sources */,
				EC5B133618F6861500C300C4 /* AppDelegate.m in Sources */,
				EC09399E19115001006CC7B8 /* FlickrPicture.m in Sources */,
				EC5B135F18F68EDE00C300C4 /* ReaderView.m in Sources */,
				EC9E28B519260891006E3DB7 /* City.m in Sources */,
				EC5B133218F6861500C300C4 /* main.m in Sources */,
			);
			runOnlyForDeploymentPostprocessing = 0;
		};
		EC5B133C18F6861500C300C4 /* Sources */ = {
			isa = PBXSourcesBuildPhase;
			buildActionMask = 2147483647;
			files = (
				EC5B134F18F6861500C300C4 /* XprojTests.m in Sources */,
			);
			runOnlyForDeploymentPostprocessing = 0;
		};
/* End PBXSourcesBuildPhase section */

/* Begin PBXTargetDependency section */
		EC5B134718F6861500C300C4 /* PBXTargetDependency */ = {
			isa = PBXTargetDependency;
			target = EC5B131F18F6861500C300C4 /* Xproj */;
			targetProxy = EC5B134618F6861500C300C4 /* PBXContainerItemProxy */;
		};
/* End PBXTargetDependency section */

/* Begin PBXVariantGroup section */
		EC5B132E18F6861500C300C4 /* InfoPlist.strings */ = {
			isa = PBXVariantGroup;
			children = (
				EC5B132F18F6861500C300C4 /* en */,
			);
			name = InfoPlist.strings;
			sourceTree = "<group>";
		};
		EC5B134B18F6861500C300C4 /* InfoPlist.strings */ = {
			isa = PBXVariantGroup;
			children = (
				EC5B134C18F6861500C300C4 /* en */,
			);
			name = InfoPlist.strings;
			sourceTree = "<group>";
		};
/* End PBXVariantGroup section */

/* Begin XCBuildConfiguration section */
		EC5B135018F6861500C300C4 /* Debug */ = {
			isa = XCBuildConfiguration;
			buildSettings = {
				ALWAYS_SEARCH_USER_PATHS = NO;
				ARCHS = "$(ARCHS_STANDARD_INCLUDING_64_BIT)";
				CLANG_CXX_LANGUAGE_STANDARD = "gnu++0x";
				CLANG_CXX_LIBRARY = "libc++";
				CLANG_ENABLE_MODULES = YES;
				CLANG_ENABLE_OBJC_ARC = YES;
				CLANG_WARN_BOOL_CONVERSION = YES;
				CLANG_WARN_CONSTANT_CONVERSION = YES;
				CLANG_WARN_DIRECT_OBJC_ISA_USAGE = YES_ERROR;
				CLANG_WARN_EMPTY_BODY = YES;
				CLANG_WARN_ENUM_CONVERSION = YES;
				CLANG_WARN_INT_CONVERSION = YES;
				CLANG_WARN_OBJC_ROOT_CLASS = YES_ERROR;
				CLANG_WARN__DUPLICATE_METHOD_MATCH = YES;
				"CODE_SIGN_IDENTITY[sdk=iphoneos*]" = "iPhone Developer";
				COPY_PHASE_STRIP = NO;
				GCC_C_LANGUAGE_STANDARD = gnu99;
				GCC_DYNAMIC_NO_PIC = NO;
				GCC_OPTIMIZATION_LEVEL = 0;
				GCC_PREPROCESSOR_DEFINITIONS = (
					"DEBUG=1",
					"$(inherited)",
				);
				GCC_SYMBOLS_PRIVATE_EXTERN = NO;
				GCC_WARN_64_TO_32_BIT_CONVERSION = YES;
				GCC_WARN_ABOUT_RETURN_TYPE = YES_ERROR;
				GCC_WARN_UNDECLARED_SELECTOR = YES;
				GCC_WARN_UNINITIALIZED_AUTOS = YES;
				GCC_WARN_UNUSED_FUNCTION = YES;
				GCC_WARN_UNUSED_VARIABLE = YES;
				IPHONEOS_DEPLOYMENT_TARGET = 7.0;
				ONLY_ACTIVE_ARCH = YES;
				SDKROOT = iphoneos;
			};
			name = Debug;
		};
		EC5B135118F6861500C300C4 /* Release */ = {
			isa = XCBuildConfiguration;
			buildSettings = {
				ALWAYS_SEARCH_USER_PATHS = NO;
				ARCHS = "$(ARCHS_STANDARD_INCLUDING_64_BIT)";
				CLANG_CXX_LANGUAGE_STANDARD = "gnu++0x";
				CLANG_CXX_LIBRARY = "libc++";
				CLANG_ENABLE_MODULES = YES;
				CLANG_ENABLE_OBJC_ARC = YES;
				CLANG_WARN_BOOL_CONVERSION = YES;
				CLANG_WARN_CONSTANT_CONVERSION = YES;
				CLANG_WARN_DIRECT_OBJC_ISA_USAGE = YES_ERROR;
				CLANG_WARN_EMPTY_BODY = YES;
				CLANG_WARN_ENUM_CONVERSION = YES;
				CLANG_WARN_INT_CONVERSION = YES;
				CLANG_WARN_OBJC_ROOT_CLASS = YES_ERROR;
				CLANG_WARN__DUPLICATE_METHOD_MATCH = YES;
				"CODE_SIGN_IDENTITY[sdk=iphoneos*]" = "iPhone Developer";
				COPY_PHASE_STRIP = YES;
				ENABLE_NS_ASSERTIONS = NO;
				GCC_C_LANGUAGE_STANDARD = gnu99;
				GCC_WARN_64_TO_32_BIT_CONVERSION = YES;
				GCC_WARN_ABOUT_RETURN_TYPE = YES_ERROR;
				GCC_WARN_UNDECLARED_SELECTOR = YES;
				GCC_WARN_UNINITIALIZED_AUTOS = YES;
				GCC_WARN_UNUSED_FUNCTION = YES;
				GCC_WARN_UNUSED_VARIABLE = YES;
				IPHONEOS_DEPLOYMENT_TARGET = 7.0;
				SDKROOT = iphoneos;
				VALIDATE_PRODUCT = YES;
			};
			name = Release;
		};
		EC5B135318F6861500C300C4 /* Debug */ = {
			isa = XCBuildConfiguration;
			buildSettings = {
				ASSETCATALOG_COMPILER_APPICON_NAME = AppIcon;
				ASSETCATALOG_COMPILER_LAUNCHIMAGE_NAME = LaunchImage;
				GCC_PRECOMPILE_PREFIX_HEADER = YES;
				GCC_PREFIX_HEADER = "Xproj/Xproj-Prefix.pch";
				INFOPLIST_FILE = "Xproj/Xproj-Info.plist";
				PRODUCT_NAME = "$(TARGET_NAME)";
				WRAPPER_EXTENSION = app;
			};
			name = Debug;
		};
		EC5B135418F6861500C300C4 /* Release */ = {
			isa = XCBuildConfiguration;
			buildSettings = {
				ASSETCATALOG_COMPILER_APPICON_NAME = AppIcon;
				ASSETCATALOG_COMPILER_LAUNCHIMAGE_NAME = LaunchImage;
				GCC_PRECOMPILE_PREFIX_HEADER = YES;
				GCC_PREFIX_HEADER = "Xproj/Xproj-Prefix.pch";
				INFOPLIST_FILE = "Xproj/Xproj-Info.plist";
				PRODUCT_NAME = "$(TARGET_NAME)";
				WRAPPER_EXTENSION = app;
			};
			name = Release;
		};
		EC5B135618F6861500C300C4 /* Debug */ = {
			isa = XCBuildConfiguration;
			buildSettings = {
				ARCHS = "$(ARCHS_STANDARD_INCLUDING_64_BIT)";
				BUNDLE_LOADER = "$(BUILT_PRODUCTS_DIR)/Xproj.app/Xproj";
				FRAMEWORK_SEARCH_PATHS = (
					"$(SDKROOT)/Developer/Library/Frameworks",
					"$(inherited)",
					"$(DEVELOPER_FRAMEWORKS_DIR)",
				);
				GCC_PRECOMPILE_PREFIX_HEADER = YES;
				GCC_PREFIX_HEADER = "Xproj/Xproj-Prefix.pch";
				GCC_PREPROCESSOR_DEFINITIONS = (
					"DEBUG=1",
					"$(inherited)",
				);
				INFOPLIST_FILE = "XprojTests/XprojTests-Info.plist";
				PRODUCT_NAME = "$(TARGET_NAME)";
				TEST_HOST = "$(BUNDLE_LOADER)";
				WRAPPER_EXTENSION = xctest;
			};
			name = Debug;
		};
		EC5B135718F6861500C300C4 /* Release */ = {
			isa = XCBuildConfiguration;
			buildSettings = {
				ARCHS = "$(ARCHS_STANDARD_INCLUDING_64_BIT)";
				BUNDLE_LOADER = "$(BUILT_PRODUCTS_DIR)/Xproj.app/Xproj";
				FRAMEWORK_SEARCH_PATHS = (
					"$(SDKROOT)/Developer/Library/Frameworks",
					"$(inherited)",
					"$(DEVELOPER_FRAMEWORKS_DIR)",
				);
				GCC_PRECOMPILE_PREFIX_HEADER = YES;
				GCC_PREFIX_HEADER = "Xproj/Xproj-Prefix.pch";
				INFOPLIST_FILE = "XprojTests/XprojTests-Info.plist";
				PRODUCT_NAME = "$(TARGET_NAME)";
				TEST_HOST = "$(BUNDLE_LOADER)";
				WRAPPER_EXTENSION = xctest;
			};
			name = Release;
		};
/* End XCBuildConfiguration section */

/* Begin XCConfigurationList section */
		EC5B131B18F6861500C300C4 /* Build configuration list for PBXProject "Xproj" */ = {
			isa = XCConfigurationList;
			buildConfigurations = (
				EC5B135018F6861500C300C4 /* Debug */,
				EC5B135118F6861500C300C4 /* Release */,
			);
			defaultConfigurationIsVisible = 0;
			defaultConfigurationName = Release;
		};
		EC5B135218F6861500C300C4 /* Build configuration list for PBXNativeTarget "Xproj" */ = {
			isa = XCConfigurationList;
			buildConfigurations = (
				EC5B135318F6861500C300C4 /* Debug */,
				EC5B135418F6861500C300C4 /* Release */,
			);
			defaultConfigurationIsVisible = 0;
			defaultConfigurationName = Release;
		};
		EC5B135518F6861500C300C4 /* Build configuration list for PBXNativeTarget "XprojTests" */ = {
			isa = XCConfigurationList;
			buildConfigurations = (
				EC5B135618F6861500C300C4 /* Debug */,
				EC5B135718F6861500C300C4 /* Release */,
			);
			defaultConfigurationIsVisible = 0;
			defaultConfigurationName = Release;
		};
/* End XCConfigurationList section */

/* Begin XCVersionGroup section */
		EC5B133718F6861500C300C4 /* Xproj.xcdatamodeld */ = {
			isa = XCVersionGroup;
			children = (
				EC5B133818F6861500C300C4 /* Xproj.xcdatamodel */,
			);
			currentVersion = EC5B133818F6861500C300C4 /* Xproj.xcdatamodel */;
			path = Xproj.xcdatamodeld;
			sourceTree = "<group>";
			versionGroupType = wrapper.xcdatamodel;
		};
/* End XCVersionGroup section */
	};
	rootObject = EC5B131818F6861500C300C4 /* Project object */;
}
